
Microsoft Visual Studio Solution File, Format Version 12.00
# Visual Studio Version 17
VisualStudioVersion = 17.8.34408.163
MinimumVisualStudioVersion = 10.0.40219.1
Project("{9A19103F-16F7-4668-BE54-9A1E7A4F7556}") = "HOT1-1", "HOT1-1\HOT1-1.csproj", "{DC1FFD49-D9A6-418E-852A-BFB090EEBF2C}"
EndProject
Project("{9A19103F-16F7-4668-BE54-9A1E7A4F7556}") = "HOT1-2", "HOT1-2\HOT1-2.csproj", "{0660BBDF-7F81-43A6-9913-E1B125D4E16D}"
EndProject
Project("{9A19103F-16F7-4668-BE54-9A1E7A4F7556}") = "HOT1-3", "HOT1-3\HOT1-3.csproj", "{94BDD302-3AF1-4865-8E84-71B1E31ED960}"
EndProject
Project("{9A19103F-16F7-4668-BE54-9A1E7A4F7556}") = "HOT2-1", "HOT2-1\HOT2-1.csproj", "{AA41BC7D-2F7D-43DB-8608-38ECC251ABF8}"
EndProject
Project("{9A19103F-16F7-4668-BE54-9A1E7A4F7556}") = "HOT2-2", "HOT2-2\HOT2-2.csproj", "{98A56B11-D920-4EEC-92F5-613884C6BF76}"
EndProject
Project("{9A19103F-16F7-4668-BE54-9A1E7A4F7556}") = "HOT2-3", "HOT2-3\HOT2-3.csproj", "{D4A05B25-6753-4F3D-B0A3-96444DCB93C2}"
EndProject
Project("{9A19103F-16F7-4668-BE54-9A1E7A4F7556}") = "HOT3-1", "HOT3-1\HOT3-1.csproj", "{03D5EB09-A623-4CD4-8B4F-7C94AB36C077}"
EndProject
Project("{9A19103F-16F7-4668-BE54-9A1E7A4F7556}") = "HOT3-2", "HOT3-2\HOT3-2.csproj", "{D62ABC8A-FDE4-4915-B528-A99051E4E679}"
EndProject
Project("{9A19103F-16F7-4668-BE54-9A1E7A4F7556}") = "HOT4-1", "HOT4-1\HOT4-1.csproj", "{A696453E-F244-41D7-8B85-A36FBC5CB8E8}"
EndProject
Project("{9A19103F-16F7-4668-BE54-9A1E7A4F7556}") = "HOT4-2", "HOT4-2\HOT4-2.csproj", "{CBB93278-1312-45C9-9E25-A8B6C9E4E39C}"
EndProject
Project("{9A19103F-16F7-4668-BE54-9A1E7A4F7556}") = "HOT5-1", "HOT5-1\HOT5-1.csproj", "{6BF8F2EF-9332-4312-AD0B-B022896AED06}"
EndProject
Project("{FAE04EC0-301F-11D3-BF4B-00C04F79EFBC}") = "HOT6-1", "HOT6-1\HOT6-1.csproj", "{9A4168C3-496F-4CBC-8E90-49DC92B907C0}"
EndProject
Project("{FAE04EC0-301F-11D3-BF4B-00C04F79EFBC}") = "HOT6-2", "HOT6-2\HOT6-2.csproj", "{88BDDB1A-A451-440A-B003-B5E487163892}"
EndProject
Global
	GlobalSection(SolutionConfigurationPlatforms) = preSolution
		Debug|Any CPU = Debug|Any CPU
		Release|Any CPU = Release|Any CPU
	EndGlobalSection
	GlobalSection(ProjectConfigurationPlatforms) = postSolution
		{DC1FFD49-D9A6-418E-852A-BFB090EEBF2C}.Debug|Any CPU.ActiveCfg = Debug|Any CPU
		{DC1FFD49-D9A6-418E-852A-BFB090EEBF2C}.Debug|Any CPU.Build.0 = Debug|Any CPU
		{DC1FFD49-D9A6-418E-852A-BFB090EEBF2C}.Release|Any CPU.ActiveCfg = Release|Any CPU
		{DC1FFD49-D9A6-418E-852A-BFB090EEBF2C}.Release|Any CPU.Build.0 = Release|Any CPU
		{0660BBDF-7F81-43A6-9913-E1B125D4E16D}.Debug|Any CPU.ActiveCfg = Debug|Any CPU
		{0660BBDF-7F81-43A6-9913-E1B125D4E16D}.Debug|Any CPU.Build.0 = Debug|Any CPU
		{0660BBDF-7F81-43A6-9913-E1B125D4E16D}.Release|Any CPU.ActiveCfg = Release|Any CPU
		{0660BBDF-7F81-43A6-9913-E1B125D4E16D}.Release|Any CPU.Build.0 = Release|Any CPU
		{94BDD302-3AF1-4865-8E84-71B1E31ED960}.Debug|Any CPU.ActiveCfg = Debug|Any CPU
		{94BDD302-3AF1-4865-8E84-71B1E31ED960}.Debug|Any CPU.Build.0 = Debug|Any CPU
		{94BDD302-3AF1-4865-8E84-71B1E31ED960}.Release|Any CPU.ActiveCfg = Release|Any CPU
		{94BDD302-3AF1-4865-8E84-71B1E31ED960}.Release|Any CPU.Build.0 = Release|Any CPU
		{AA41BC7D-2F7D-43DB-8608-38ECC251ABF8}.Debug|Any CPU.ActiveCfg = Debug|Any CPU
		{AA41BC7D-2F7D-43DB-8608-38ECC251ABF8}.Debug|Any CPU.Build.0 = Debug|Any CPU
		{AA41BC7D-2F7D-43DB-8608-38ECC251ABF8}.Release|Any CPU.ActiveCfg = Release|Any CPU
		{AA41BC7D-2F7D-43DB-8608-38ECC251ABF8}.Release|Any CPU.Build.0 = Release|Any CPU
		{98A56B11-D920-4EEC-92F5-613884C6BF76}.Debug|Any CPU.ActiveCfg = Debug|Any CPU
		{98A56B11-D920-4EEC-92F5-613884C6BF76}.Debug|Any CPU.Build.0 = Debug|Any CPU
		{98A56B11-D920-4EEC-92F5-613884C6BF76}.Release|Any CPU.ActiveCfg = Release|Any CPU
		{98A56B11-D920-4EEC-92F5-613884C6BF76}.Release|Any CPU.Build.0 = Release|Any CPU
		{D4A05B25-6753-4F3D-B0A3-96444DCB93C2}.Debug|Any CPU.ActiveCfg = Debug|Any CPU
		{D4A05B25-6753-4F3D-B0A3-96444DCB93C2}.Debug|Any CPU.Build.0 = Debug|Any CPU
		{D4A05B25-6753-4F3D-B0A3-96444DCB93C2}.Release|Any CPU.ActiveCfg = Release|Any CPU
		{D4A05B25-6753-4F3D-B0A3-96444DCB93C2}.Release|Any CPU.Build.0 = Release|Any CPU
		{03D5EB09-A623-4CD4-8B4F-7C94AB36C077}.Debug|Any CPU.ActiveCfg = Debug|Any CPU
		{03D5EB09-A623-4CD4-8B4F-7C94AB36C077}.Debug|Any CPU.Build.0 = Debug|Any CPU
		{03D5EB09-A623-4CD4-8B4F-7C94AB36C077}.Release|Any CPU.ActiveCfg = Release|Any CPU
		{03D5EB09-A623-4CD4-8B4F-7C94AB36C077}.Release|Any CPU.Build.0 = Release|Any CPU
		{D62ABC8A-FDE4-4915-B528-A99051E4E679}.Debug|Any CPU.ActiveCfg = Debug|Any CPU
		{D62ABC8A-FDE4-4915-B528-A99051E4E679}.Debug|Any CPU.Build.0 = Debug|Any CPU
		{D62ABC8A-FDE4-4915-B528-A99051E4E679}.Release|Any CPU.ActiveCfg = Release|Any CPU
		{D62ABC8A-FDE4-4915-B528-A99051E4E679}.Release|Any CPU.Build.0 = Release|Any CPU
		{A696453E-F244-41D7-8B85-A36FBC5CB8E8}.Debug|Any CPU.ActiveCfg = Debug|Any CPU
		{A696453E-F244-41D7-8B85-A36FBC5CB8E8}.Debug|Any CPU.Build.0 = Debug|Any CPU
		{A696453E-F244-41D7-8B85-A36FBC5CB8E8}.Release|Any CPU.ActiveCfg = Release|Any CPU
		{A696453E-F244-41D7-8B85-A36FBC5CB8E8}.Release|Any CPU.Build.0 = Release|Any CPU
		{CBB93278-1312-45C9-9E25-A8B6C9E4E39C}.Debug|Any CPU.ActiveCfg = Debug|Any CPU
		{CBB93278-1312-45C9-9E25-A8B6C9E4E39C}.Debug|Any CPU.Build.0 = Debug|Any CPU
		{CBB93278-1312-45C9-9E25-A8B6C9E4E39C}.Release|Any CPU.ActiveCfg = Release|Any CPU
		{CBB93278-1312-45C9-9E25-A8B6C9E4E39C}.Release|Any CPU.Build.0 = Release|Any CPU
		{6BF8F2EF-9332-4312-AD0B-B022896AED06}.Debug|Any CPU.ActiveCfg = Debug|Any CPU
		{6BF8F2EF-9332-4312-AD0B-B022896AED06}.Debug|Any CPU.Build.0 = Debug|Any CPU
		{6BF8F2EF-9332-4312-AD0B-B022896AED06}.Release|Any CPU.ActiveCfg = Release|Any CPU
		{6BF8F2EF-9332-4312-AD0B-B022896AED06}.Release|Any CPU.Build.0 = Release|Any CPU
		{9A4168C3-496F-4CBC-8E90-49DC92B907C0}.Debug|Any CPU.ActiveCfg = Debug|Any CPU
		{9A4168C3-496F-4CBC-8E90-49DC92B907C0}.Debug|Any CPU.Build.0 = Debug|Any CPU
		{9A4168C3-496F-4CBC-8E90-49DC92B907C0}.Release|Any CPU.ActiveCfg = Release|Any CPU
		{9A4168C3-496F-4CBC-8E90-49DC92B907C0}.Release|Any CPU.Build.0 = Release|Any CPU
		{88BDDB1A-A451-440A-B003-B5E487163892}.Debug|Any CPU.ActiveCfg = Debug|Any CPU
		{88BDDB1A-A451-440A-B003-B5E487163892}.Debug|Any CPU.Build.0 = Debug|Any CPU
		{88BDDB1A-A451-440A-B003-B5E487163892}.Release|Any CPU.ActiveCfg = Release|Any CPU
		{88BDDB1A-A451-440A-B003-B5E487163892}.Release|Any CPU.Build.0 = Release|Any CPU
	EndGlobalSection
	GlobalSection(SolutionProperties) = preSolution
		HideSolutionNode = FALSE
	EndGlobalSection
	GlobalSection(ExtensibilityGlobals) = postSolution
		SolutionGuid = {36A6C721-263D-4602-9165-9061A6E82F21}
	EndGlobalSection
EndGlobal
